
Microsoft Visual Studio Solution File, Format Version 12.00
# Visual Studio Version 17
VisualStudioVersion = 17.11.35312.102
MinimumVisualStudioVersion = 10.0.40219.1
Project("{FAE04EC0-301F-11D3-BF4B-00C04F79EFBC}") = "SE_Project", "SE_Project\SE_Project.csproj", "{6906FF3D-CDCD-468B-B00D-2BE719CA27CA}"
EndProject
Global
	GlobalSection(SolutionConfigurationPlatforms) = preSolution
		Debug|Any CPU = Debug|Any CPU
		Release|Any CPU = Release|Any CPU
	EndGlobalSection
	GlobalSection(ProjectConfigurationPlatforms) = postSolution
		{6906FF3D-CDCD-468B-B00D-2BE719CA27CA}.Debug|Any CPU.ActiveCfg = Debug|Any CPU
		{6906FF3D-CDCD-468B-B00D-2BE719CA27CA}.Debug|Any CPU.Build.0 = Debug|Any CPU
		{6906FF3D-CDCD-468B-B00D-2BE719CA27CA}.Release|Any CPU.ActiveCfg = Release|Any CPU
		{6906FF3D-CDCD-468B-B00D-2BE719CA27CA}.Release|Any CPU.Build.0 = Release|Any CPU
	EndGlobalSection
	GlobalSection(SolutionProperties) = preSolution
		HideSolutionNode = FALSE
	EndGlobalSection
	GlobalSection(ExtensibilityGlobals) = postSolution
		SolutionGuid = {618A888C-45F6-43B4-ADDF-9CDF73A6AE69}
	EndGlobalSection
EndGlobal
